
Microsoft Visual Studio Solution File, Format Version 12.00
# Visual Studio Version 17
VisualStudioVersion = 17.5.33516.290
MinimumVisualStudioVersion = 10.0.40219.1
Project("{FAE04EC0-301F-11D3-BF4B-00C04F79EFBC}") = "CS_Program01", "CS_Program01.csproj", "{29856E32-D0B9-43EE-A6DE-29B96857EBD7}"
EndProject
Global
	GlobalSection(SolutionConfigurationPlatforms) = preSolution
		Debug|Any CPU = Debug|Any CPU
		Release|Any CPU = Release|Any CPU
	EndGlobalSection
	GlobalSection(ProjectConfigurationPlatforms) = postSolution
		{29856E32-D0B9-43EE-A6DE-29B96857EBD7}.Debug|Any CPU.ActiveCfg = Debug|Any CPU
		{29856E32-D0B9-43EE-A6DE-29B96857EBD7}.Debug|Any CPU.Build.0 = Debug|Any CPU
		{29856E32-D0B9-43EE-A6DE-29B96857EBD7}.Release|Any CPU.ActiveCfg = Release|Any CPU
		{29856E32-D0B9-43EE-A6DE-29B96857EBD7}.Release|Any CPU.Build.0 = Release|Any CPU
	EndGlobalSection
	GlobalSection(SolutionProperties) = preSolution
		HideSolutionNode = FALSE
	EndGlobalSection
	GlobalSection(ExtensibilityGlobals) = postSolution
		SolutionGuid = {64E520AE-6445-41B3-81F1-AAC40236E4DC}
	EndGlobalSection
EndGlobal
